// !$*UTF8*$!
{
	archiveVersion = 1;
	classes = {
	};
	objectVersion = 56;
	objects = {

/* Begin PBXBuildFile section */
		FC298FF62A5AEAF4005AACEF /* AppDelegate.swift in Sources */ = {isa = PBXBuildFile; fileRef = FC298FF52A5AEAF4005AACEF /* AppDelegate.swift */; };
		FC298FF82A5AEAF4005AACEF /* SceneDelegate.swift in Sources */ = {isa = PBXBuildFile; fileRef = FC298FF72A5AEAF4005AACEF /* SceneDelegate.swift */; };
		FC298FFA2A5AEAF4005AACEF /* HomePageViewController.swift in Sources */ = {isa = PBXBuildFile; fileRef = FC298FF92A5AEAF4005AACEF /* HomePageViewController.swift */; };
		FC298FFD2A5AEAF4005AACEF /* Main.storyboard in Resources */ = {isa = PBXBuildFile; fileRef = FC298FFB2A5AEAF4005AACEF /* Main.storyboard */; };
		FC298FFF2A5AEAF4005AACEF /* Assets.xcassets in Resources */ = {isa = PBXBuildFile; fileRef = FC298FFE2A5AEAF4005AACEF /* Assets.xcassets */; };
		FC2990022A5AEAF4005AACEF /* LaunchScreen.storyboard in Resources */ = {isa = PBXBuildFile; fileRef = FC2990002A5AEAF4005AACEF /* LaunchScreen.storyboard */; };
		FC8730232A5C506700370EEF /* HomePageCollectionViewCell.swift in Sources */ = {isa = PBXBuildFile; fileRef = FC8730222A5C506700370EEF /* HomePageCollectionViewCell.swift */; };
		FC8730252A5D826700370EEF /* NotificationsCollectionViewCell.swift in Sources */ = {isa = PBXBuildFile; fileRef = FC8730242A5D826700370EEF /* NotificationsCollectionViewCell.swift */; };
		FC8730272A5D82D900370EEF /* NotificationsViewController.swift in Sources */ = {isa = PBXBuildFile; fileRef = FC8730262A5D82D900370EEF /* NotificationsViewController.swift */; };
		FDB264DF2A602F6F00AF2214 /* CustomAlertViewController.swift in Sources */ = {isa = PBXBuildFile; fileRef = FDB264DE2A602F6F00AF2214 /* CustomAlertViewController.swift */; };
		FDB264E12A617EB500AF2214 /* MyDogsViewController.swift in Sources */ = {isa = PBXBuildFile; fileRef = FDB264E02A617EB500AF2214 /* MyDogsViewController.swift */; };
		FDB264E32A617EEE00AF2214 /* MyDogsCollectionViewCell.swift in Sources */ = {isa = PBXBuildFile; fileRef = FDB264E22A617EEE00AF2214 /* MyDogsCollectionViewCell.swift */; };
		FDB264E52A61A1B400AF2214 /* NewDogCustomAlertViewController.swift in Sources */ = {isa = PBXBuildFile; fileRef = FDB264E42A61A1B400AF2214 /* NewDogCustomAlertViewController.swift */; };
		FDB264E72A61A1D700AF2214 /* ExistingDogCustomAlertViewController.swift in Sources */ = {isa = PBXBuildFile; fileRef = FDB264E62A61A1D700AF2214 /* ExistingDogCustomAlertViewController.swift */; };
/* End PBXBuildFile section */

/* Begin PBXFileReference section */
		FC298FF22A5AEAF4005AACEF /* PawPartner.app */ = {isa = PBXFileReference; explicitFileType = wrapper.application; includeInIndex = 0; path = PawPartner.app; sourceTree = BUILT_PRODUCTS_DIR; };
		FC298FF52A5AEAF4005AACEF /* AppDelegate.swift */ = {isa = PBXFileReference; lastKnownFileType = sourcecode.swift; path = AppDelegate.swift; sourceTree = "<group>"; };
		FC298FF72A5AEAF4005AACEF /* SceneDelegate.swift */ = {isa = PBXFileReference; lastKnownFileType = sourcecode.swift; path = SceneDelegate.swift; sourceTree = "<group>"; };
		FC298FF92A5AEAF4005AACEF /* HomePageViewController.swift */ = {isa = PBXFileReference; lastKnownFileType = sourcecode.swift; path = HomePageViewController.swift; sourceTree = "<group>"; };
		FC298FFC2A5AEAF4005AACEF /* Base */ = {isa = PBXFileReference; lastKnownFileType = file.storyboard; name = Base; path = Base.lproj/Main.storyboard; sourceTree = "<group>"; };
		FC298FFE2A5AEAF4005AACEF /* Assets.xcassets */ = {isa = PBXFileReference; lastKnownFileType = folder.assetcatalog; path = Assets.xcassets; sourceTree = "<group>"; };
		FC2990012A5AEAF4005AACEF /* Base */ = {isa = PBXFileReference; lastKnownFileType = file.storyboard; name = Base; path = Base.lproj/LaunchScreen.storyboard; sourceTree = "<group>"; };
		FC2990032A5AEAF4005AACEF /* Info.plist */ = {isa = PBXFileReference; lastKnownFileType = text.plist.xml; path = Info.plist; sourceTree = "<group>"; };
		FC8730222A5C506700370EEF /* HomePageCollectionViewCell.swift */ = {isa = PBXFileReference; lastKnownFileType = sourcecode.swift; path = HomePageCollectionViewCell.swift; sourceTree = "<group>"; };
		FC8730242A5D826700370EEF /* NotificationsCollectionViewCell.swift */ = {isa = PBXFileReference; lastKnownFileType = sourcecode.swift; path = NotificationsCollectionViewCell.swift; sourceTree = "<group>"; };
		FC8730262A5D82D900370EEF /* NotificationsViewController.swift */ = {isa = PBXFileReference; lastKnownFileType = sourcecode.swift; path = NotificationsViewController.swift; sourceTree = "<group>"; };
		FDB264DE2A602F6F00AF2214 /* CustomAlertViewController.swift */ = {isa = PBXFileReference; lastKnownFileType = sourcecode.swift; path = CustomAlertViewController.swift; sourceTree = "<group>"; };
		FDB264E02A617EB500AF2214 /* MyDogsViewController.swift */ = {isa = PBXFileReference; lastKnownFileType = sourcecode.swift; path = MyDogsViewController.swift; sourceTree = "<group>"; };
		FDB264E22A617EEE00AF2214 /* MyDogsCollectionViewCell.swift */ = {isa = PBXFileReference; lastKnownFileType = sourcecode.swift; path = MyDogsCollectionViewCell.swift; sourceTree = "<group>"; };
		FDB264E42A61A1B400AF2214 /* NewDogCustomAlertViewController.swift */ = {isa = PBXFileReference; lastKnownFileType = sourcecode.swift; path = NewDogCustomAlertViewController.swift; sourceTree = "<group>"; };
		FDB264E62A61A1D700AF2214 /* ExistingDogCustomAlertViewController.swift */ = {isa = PBXFileReference; lastKnownFileType = sourcecode.swift; path = ExistingDogCustomAlertViewController.swift; sourceTree = "<group>"; };
/* End PBXFileReference section */

/* Begin PBXFrameworksBuildPhase section */
		FC298FEF2A5AEAF4005AACEF /* Frameworks */ = {
			isa = PBXFrameworksBuildPhase;
			buildActionMask = 2147483647;
			files = (
			);
			runOnlyForDeploymentPostprocessing = 0;
		};
/* End PBXFrameworksBuildPhase section */

/* Begin PBXGroup section */
		FC298FE92A5AEAF4005AACEF = {
			isa = PBXGroup;
			children = (
				FC298FF42A5AEAF4005AACEF /* PawPartner */,
				FC298FF32A5AEAF4005AACEF /* Products */,
			);
			sourceTree = "<group>";
		};
		FC298FF32A5AEAF4005AACEF /* Products */ = {
			isa = PBXGroup;
			children = (
				FC298FF22A5AEAF4005AACEF /* PawPartner.app */,
			);
			name = Products;
			sourceTree = "<group>";
		};
		FC298FF42A5AEAF4005AACEF /* PawPartner */ = {
			isa = PBXGroup;
			children = (
				FC298FF52A5AEAF4005AACEF /* AppDelegate.swift */,
				FC298FF72A5AEAF4005AACEF /* SceneDelegate.swift */,
				FC8730242A5D826700370EEF /* NotificationsCollectionViewCell.swift */,
				FC8730262A5D82D900370EEF /* NotificationsViewController.swift */,
				FC298FF92A5AEAF4005AACEF /* HomePageViewController.swift */,
				FC8730222A5C506700370EEF /* HomePageCollectionViewCell.swift */,
				FDB264DE2A602F6F00AF2214 /* CustomAlertViewController.swift */,
				FC298FFB2A5AEAF4005AACEF /* Main.storyboard */,
				FC298FFE2A5AEAF4005AACEF /* Assets.xcassets */,
				FC2990002A5AEAF4005AACEF /* LaunchScreen.storyboard */,
				FC2990032A5AEAF4005AACEF /* Info.plist */,
				FDB264E02A617EB500AF2214 /* MyDogsViewController.swift */,
				FDB264E22A617EEE00AF2214 /* MyDogsCollectionViewCell.swift */,
				FDB264E42A61A1B400AF2214 /* NewDogCustomAlertViewController.swift */,
				FDB264E62A61A1D700AF2214 /* ExistingDogCustomAlertViewController.swift */,
			);
			path = PawPartner;
			sourceTree = "<group>";
		};
/* End PBXGroup section */

/* Begin PBXNativeTarget section */
		FC298FF12A5AEAF4005AACEF /* PawPartner */ = {
			isa = PBXNativeTarget;
			buildConfigurationList = FC2990062A5AEAF4005AACEF /* Build configuration list for PBXNativeTarget "PawPartner" */;
			buildPhases = (
				FC298FEE2A5AEAF4005AACEF /* Sources */,
				FC298FEF2A5AEAF4005AACEF /* Frameworks */,
				FC298FF02A5AEAF4005AACEF /* Resources */,
			);
			buildRules = (
			);
			dependencies = (
			);
			name = PawPartner;
			productName = PawPartner;
			productReference = FC298FF22A5AEAF4005AACEF /* PawPartner.app */;
			productType = "com.apple.product-type.application";
		};
/* End PBXNativeTarget section */

/* Begin PBXProject section */
		FC298FEA2A5AEAF4005AACEF /* Project object */ = {
			isa = PBXProject;
			attributes = {
				BuildIndependentTargetsInParallel = 1;
				LastSwiftUpdateCheck = 1430;
				LastUpgradeCheck = 1430;
				TargetAttributes = {
					FC298FF12A5AEAF4005AACEF = {
						CreatedOnToolsVersion = 14.3;
					};
				};
			};
			buildConfigurationList = FC298FED2A5AEAF4005AACEF /* Build configuration list for PBXProject "PawPartner" */;
			compatibilityVersion = "Xcode 14.0";
			developmentRegion = en;
			hasScannedForEncodings = 0;
			knownRegions = (
				en,
				Base,
			);
			mainGroup = FC298FE92A5AEAF4005AACEF;
			productRefGroup = FC298FF32A5AEAF4005AACEF /* Products */;
			projectDirPath = "";
			projectRoot = "";
			targets = (
				FC298FF12A5AEAF4005AACEF /* PawPartner */,
			);
		};
/* End PBXProject section */

/* Begin PBXResourcesBuildPhase section */
		FC298FF02A5AEAF4005AACEF /* Resources */ = {
			isa = PBXResourcesBuildPhase;
			buildActionMask = 2147483647;
			files = (
				FC2990022A5AEAF4005AACEF /* LaunchScreen.storyboard in Resources */,
				FC298FFF2A5AEAF4005AACEF /* Assets.xcassets in Resources */,
				FC298FFD2A5AEAF4005AACEF /* Main.storyboard in Resources */,
			);
			runOnlyForDeploymentPostprocessing = 0;
		};
/* End PBXResourcesBuildPhase section */

/* Begin PBXSourcesBuildPhase section */
		FC298FEE2A5AEAF4005AACEF /* Sources */ = {
			isa = PBXSourcesBuildPhase;
			buildActionMask = 2147483647;
			files = (
				FC298FFA2A5AEAF4005AACEF /* HomePageViewController.swift in Sources */,
				FC298FF62A5AEAF4005AACEF /* AppDelegate.swift in Sources */,
				FDB264E52A61A1B400AF2214 /* NewDogCustomAlertViewController.swift in Sources */,
				FC8730232A5C506700370EEF /* HomePageCollectionViewCell.swift in Sources */,
				FC8730272A5D82D900370EEF /* NotificationsViewController.swift in Sources */,
				FC298FF82A5AEAF4005AACEF /* SceneDelegate.swift in Sources */,
				FDB264DF2A602F6F00AF2214 /* CustomAlertViewController.swift in Sources */,
				FDB264E32A617EEE00AF2214 /* MyDogsCollectionViewCell.swift in Sources */,
				FC8730252A5D826700370EEF /* NotificationsCollectionViewCell.swift in Sources */,
				FDB264E72A61A1D700AF2214 /* ExistingDogCustomAlertViewController.swift in Sources */,
				FDB264E12A617EB500AF2214 /* MyDogsViewController.swift in Sources */,
			);
			runOnlyForDeploymentPostprocessing = 0;
		};
/* End PBXSourcesBuildPhase section */

/* Begin PBXVariantGroup section */
		FC298FFB2A5AEAF4005AACEF /* Main.storyboard */ = {
			isa = PBXVariantGroup;
			children = (
				FC298FFC2A5AEAF4005AACEF /* Base */,
			);
			name = Main.storyboard;
			sourceTree = "<group>";
		};
		FC2990002A5AEAF4005AACEF /* LaunchScreen.storyboard */ = {
			isa = PBXVariantGroup;
			children = (
				FC2990012A5AEAF4005AACEF /* Base */,
			);
			name = LaunchScreen.storyboard;
			sourceTree = "<group>";
		};
/* End PBXVariantGroup section */

/* Begin XCBuildConfiguration section */
		FC2990042A5AEAF4005AACEF /* Debug */ = {
			isa = XCBuildConfiguration;
			buildSettings = {
				ALWAYS_SEARCH_USER_PATHS = NO;
				CLANG_ANALYZER_NONNULL = YES;
				CLANG_ANALYZER_NUMBER_OBJECT_CONVERSION = YES_AGGRESSIVE;
				CLANG_CXX_LANGUAGE_STANDARD = "gnu++20";
				CLANG_ENABLE_MODULES = YES;
				CLANG_ENABLE_OBJC_ARC = YES;
				CLANG_ENABLE_OBJC_WEAK = YES;
				CLANG_WARN_BLOCK_CAPTURE_AUTORELEASING = YES;
				CLANG_WARN_BOOL_CONVERSION = YES;
				CLANG_WARN_COMMA = YES;
				CLANG_WARN_CONSTANT_CONVERSION = YES;
				CLANG_WARN_DEPRECATED_OBJC_IMPLEMENTATIONS = YES;
				CLANG_WARN_DIRECT_OBJC_ISA_USAGE = YES_ERROR;
				CLANG_WARN_DOCUMENTATION_COMMENTS = YES;
				CLANG_WARN_EMPTY_BODY = YES;
				CLANG_WARN_ENUM_CONVERSION = YES;
				CLANG_WARN_INFINITE_RECURSION = YES;
				CLANG_WARN_INT_CONVERSION = YES;
				CLANG_WARN_NON_LITERAL_NULL_CONVERSION = YES;
				CLANG_WARN_OBJC_IMPLICIT_RETAIN_SELF = YES;
				CLANG_WARN_OBJC_LITERAL_CONVERSION = YES;
				CLANG_WARN_OBJC_ROOT_CLASS = YES_ERROR;
				CLANG_WARN_QUOTED_INCLUDE_IN_FRAMEWORK_HEADER = YES;
				CLANG_WARN_RANGE_LOOP_ANALYSIS = YES;
				CLANG_WARN_STRICT_PROTOTYPES = YES;
				CLANG_WARN_SUSPICIOUS_MOVE = YES;
				CLANG_WARN_UNGUARDED_AVAILABILITY = YES_AGGRESSIVE;
				CLANG_WARN_UNREACHABLE_CODE = YES;
				CLANG_WARN__DUPLICATE_METHOD_MATCH = YES;
				COPY_PHASE_STRIP = NO;
				DEBUG_INFORMATION_FORMAT = dwarf;
				ENABLE_STRICT_OBJC_MSGSEND = YES;
				ENABLE_TESTABILITY = YES;
				GCC_C_LANGUAGE_STANDARD = gnu11;
				GCC_DYNAMIC_NO_PIC = NO;
				GCC_NO_COMMON_BLOCKS = YES;
				GCC_OPTIMIZATION_LEVEL = 0;
				GCC_PREPROCESSOR_DEFINITIONS = (
					"DEBUG=1",
					"$(inherited)",
				);
				GCC_WARN_64_TO_32_BIT_CONVERSION = YES;
				GCC_WARN_ABOUT_RETURN_TYPE = YES_ERROR;
				GCC_WARN_UNDECLARED_SELECTOR = YES;
				GCC_WARN_UNINITIALIZED_AUTOS = YES_AGGRESSIVE;
				GCC_WARN_UNUSED_FUNCTION = YES;
				GCC_WARN_UNUSED_VARIABLE = YES;
				IPHONEOS_DEPLOYMENT_TARGET = 16.4;
				MTL_ENABLE_DEBUG_INFO = INCLUDE_SOURCE;
				MTL_FAST_MATH = YES;
				ONLY_ACTIVE_ARCH = YES;
				SDKROOT = iphoneos;
				SWIFT_ACTIVE_COMPILATION_CONDITIONS = DEBUG;
				SWIFT_OPTIMIZATION_LEVEL = "-Onone";
			};
			name = Debug;
		};
		FC2990052A5AEAF4005AACEF /* Release */ = {
			isa = XCBuildConfiguration;
			buildSettings = {
				ALWAYS_SEARCH_USER_PATHS = NO;
				CLANG_ANALYZER_NONNULL = YES;
				CLANG_ANALYZER_NUMBER_OBJECT_CONVERSION = YES_AGGRESSIVE;
				CLANG_CXX_LANGUAGE_STANDARD = "gnu++20";
				CLANG_ENABLE_MODULES = YES;
				CLANG_ENABLE_OBJC_ARC = YES;
				CLANG_ENABLE_OBJC_WEAK = YES;
				CLANG_WARN_BLOCK_CAPTURE_AUTORELEASING = YES;
				CLANG_WARN_BOOL_CONVERSION = YES;
				CLANG_WARN_COMMA = YES;
				CLANG_WARN_CONSTANT_CONVERSION = YES;
				CLANG_WARN_DEPRECATED_OBJC_IMPLEMENTATIONS = YES;
				CLANG_WARN_DIRECT_OBJC_ISA_USAGE = YES_ERROR;
				CLANG_WARN_DOCUMENTATION_COMMENTS = YES;
				CLANG_WARN_EMPTY_BODY = YES;
				CLANG_WARN_ENUM_CONVERSION = YES;
				CLANG_WARN_INFINITE_RECURSION = YES;
				CLANG_WARN_INT_CONVERSION = YES;
				CLANG_WARN_NON_LITERAL_NULL_CONVERSION = YES;
				CLANG_WARN_OBJC_IMPLICIT_RETAIN_SELF = YES;
				CLANG_WARN_OBJC_LITERAL_CONVERSION = YES;
				CLANG_WARN_OBJC_ROOT_CLASS = YES_ERROR;
				CLANG_WARN_QUOTED_INCLUDE_IN_FRAMEWORK_HEADER = YES;
				CLANG_WARN_RANGE_LOOP_ANALYSIS = YES;
				CLANG_WARN_STRICT_PROTOTYPES = YES;
				CLANG_WARN_SUSPICIOUS_MOVE = YES;
				CLANG_WARN_UNGUARDED_AVAILABILITY = YES_AGGRESSIVE;
				CLANG_WARN_UNREACHABLE_CODE = YES;
				CLANG_WARN__DUPLICATE_METHOD_MATCH = YES;
				COPY_PHASE_STRIP = NO;
				DEBUG_INFORMATION_FORMAT = "dwarf-with-dsym";
				ENABLE_NS_ASSERTIONS = NO;
				ENABLE_STRICT_OBJC_MSGSEND = YES;
				GCC_C_LANGUAGE_STANDARD = gnu11;
				GCC_NO_COMMON_BLOCKS = YES;
				GCC_WARN_64_TO_32_BIT_CONVERSION = YES;
				GCC_WARN_ABOUT_RETURN_TYPE = YES_ERROR;
				GCC_WARN_UNDECLARED_SELECTOR = YES;
				GCC_WARN_UNINITIALIZED_AUTOS = YES_AGGRESSIVE;
				GCC_WARN_UNUSED_FUNCTION = YES;
				GCC_WARN_UNUSED_VARIABLE = YES;
				IPHONEOS_DEPLOYMENT_TARGET = 16.4;
				MTL_ENABLE_DEBUG_INFO = NO;
				MTL_FAST_MATH = YES;
				SDKROOT = iphoneos;
				SWIFT_COMPILATION_MODE = wholemodule;
				SWIFT_OPTIMIZATION_LEVEL = "-O";
				VALIDATE_PRODUCT = YES;
			};
			name = Release;
		};
		FC2990072A5AEAF4005AACEF /* Debug */ = {
			isa = XCBuildConfiguration;
			buildSettings = {
				ASSETCATALOG_COMPILER_APPICON_NAME = AppIcon;
				ASSETCATALOG_COMPILER_GLOBAL_ACCENT_COLOR_NAME = AccentColor;
				CODE_SIGN_STYLE = Automatic;
				CURRENT_PROJECT_VERSION = 1;
				GENERATE_INFOPLIST_FILE = YES;
				INFOPLIST_FILE = PawPartner/Info.plist;
				INFOPLIST_KEY_UIApplicationSupportsIndirectInputEvents = YES;
				INFOPLIST_KEY_UILaunchStoryboardName = LaunchScreen;
				INFOPLIST_KEY_UIMainStoryboardFile = Main;
				INFOPLIST_KEY_UISupportedInterfaceOrientations_iPad = "UIInterfaceOrientationPortrait UIInterfaceOrientationPortraitUpsideDown UIInterfaceOrientationLandscapeLeft UIInterfaceOrientationLandscapeRight";
				INFOPLIST_KEY_UISupportedInterfaceOrientations_iPhone = "UIInterfaceOrientationPortrait UIInterfaceOrientationLandscapeLeft UIInterfaceOrientationLandscapeRight";
				LD_RUNPATH_SEARCH_PATHS = (
					"$(inherited)",
					"@executable_path/Frameworks",
				);
				MARKETING_VERSION = 1.0;
				PRODUCT_BUNDLE_IDENTIFIER = com.PawPartner.PawPartner;
				PRODUCT_NAME = "$(TARGET_NAME)";
				SUPPORTED_PLATFORMS = "iphoneos iphonesimulator";
				SUPPORTS_MACCATALYST = NO;
				SUPPORTS_MAC_DESIGNED_FOR_IPHONE_IPAD = NO;
				SWIFT_EMIT_LOC_STRINGS = YES;
				SWIFT_VERSION = 5.0;
				TARGETED_DEVICE_FAMILY = 1;
			};
			name = Debug;
		};
		FC2990082A5AEAF4005AACEF /* Release */ = {
			isa = XCBuildConfiguration;
			buildSettings = {
				ASSETCATALOG_COMPILER_APPICON_NAME = AppIcon;
				ASSETCATALOG_COMPILER_GLOBAL_ACCENT_COLOR_NAME = AccentColor;
				CODE_SIGN_STYLE = Automatic;
				CURRENT_PROJECT_VERSION = 1;
				GENERATE_INFOPLIST_FILE = YES;
				INFOPLIST_FILE = PawPartner/Info.plist;
				INFOPLIST_KEY_UIApplicationSupportsIndirectInputEvents = YES;
				INFOPLIST_KEY_UILaunchStoryboardName = LaunchScreen;
				INFOPLIST_KEY_UIMainStoryboardFile = Main;
				INFOPLIST_KEY_UISupportedInterfaceOrientations_iPad = "UIInterfaceOrientationPortrait UIInterfaceOrientationPortraitUpsideDown UIInterfaceOrientationLandscapeLeft UIInterfaceOrientationLandscapeRight";
				INFOPLIST_KEY_UISupportedInterfaceOrientations_iPhone = "UIInterfaceOrientationPortrait UIInterfaceOrientationLandscapeLeft UIInterfaceOrientationLandscapeRight";
				LD_RUNPATH_SEARCH_PATHS = (
					"$(inherited)",
					"@executable_path/Frameworks",
				);
				MARKETING_VERSION = 1.0;
				PRODUCT_BUNDLE_IDENTIFIER = com.PawPartner.PawPartner;
				PRODUCT_NAME = "$(TARGET_NAME)";
				SUPPORTED_PLATFORMS = "iphoneos iphonesimulator";
				SUPPORTS_MACCATALYST = NO;
				SUPPORTS_MAC_DESIGNED_FOR_IPHONE_IPAD = NO;
				SWIFT_EMIT_LOC_STRINGS = YES;
				SWIFT_VERSION = 5.0;
				TARGETED_DEVICE_FAMILY = 1;
			};
			name = Release;
		};
/* End XCBuildConfiguration section */

/* Begin XCConfigurationList section */
		FC298FED2A5AEAF4005AACEF /* Build configuration list for PBXProject "PawPartner" */ = {
			isa = XCConfigurationList;
			buildConfigurations = (
				FC2990042A5AEAF4005AACEF /* Debug */,
				FC2990052A5AEAF4005AACEF /* Release */,
			);
			defaultConfigurationIsVisible = 0;
			defaultConfigurationName = Release;
		};
		FC2990062A5AEAF4005AACEF /* Build configuration list for PBXNativeTarget "PawPartner" */ = {
			isa = XCConfigurationList;
			buildConfigurations = (
				FC2990072A5AEAF4005AACEF /* Debug */,
				FC2990082A5AEAF4005AACEF /* Release */,
			);
			defaultConfigurationIsVisible = 0;
			defaultConfigurationName = Release;
		};
/* End XCConfigurationList section */
	};
	rootObject = FC298FEA2A5AEAF4005AACEF /* Project object */;
}
